
Microsoft Visual Studio Solution File, Format Version 12.00
# Visual Studio Version 17
VisualStudioVersion = 17.13.35825.156
MinimumVisualStudioVersion = 10.0.40219.1
Project("{FAE04EC0-301F-11D3-BF4B-00C04F79EFBC}") = "ElkarGune", "ElkarGune\ElkarGune.csproj", "{6E4F62CF-9211-460D-937A-0DB7E736D48E}"
EndProject
Global
	GlobalSection(SolutionConfigurationPlatforms) = preSolution
		Debug|Any CPU = Debug|Any CPU
		Release|Any CPU = Release|Any CPU
	EndGlobalSection
	GlobalSection(ProjectConfigurationPlatforms) = postSolution
		{6E4F62CF-9211-460D-937A-0DB7E736D48E}.Debug|Any CPU.ActiveCfg = Release|Any CPU
		{6E4F62CF-9211-460D-937A-0DB7E736D48E}.Debug|Any CPU.Build.0 = Release|Any CPU
		{6E4F62CF-9211-460D-937A-0DB7E736D48E}.Release|Any CPU.ActiveCfg = Release|Any CPU
		{6E4F62CF-9211-460D-937A-0DB7E736D48E}.Release|Any CPU.Build.0 = Release|Any CPU
	EndGlobalSection
	GlobalSection(SolutionProperties) = preSolution
		HideSolutionNode = FALSE
	EndGlobalSection
	GlobalSection(ExtensibilityGlobals) = postSolution
		SolutionGuid = {79182CA6-34B9-4431-BBB4-A7A4CF515D63}
	EndGlobalSection
EndGlobal
